
Microsoft Visual Studio Solution File, Format Version 12.00
# Visual Studio Version 17
VisualStudioVersion = 17.7.34009.444
MinimumVisualStudioVersion = 10.0.40219.1
Project("{FAE04EC0-301F-11D3-BF4B-00C04F79EFBC}") = "CPURAM", "CPURAM\CPURAM.csproj", "{8FF5A578-3267-4492-B76C-1B653F7B6165}"
EndProject
Global
	GlobalSection(SolutionConfigurationPlatforms) = preSolution
		Debug|Any CPU = Debug|Any CPU
		Release|Any CPU = Release|Any CPU
	EndGlobalSection
	GlobalSection(ProjectConfigurationPlatforms) = postSolution
		{8FF5A578-3267-4492-B76C-1B653F7B6165}.Debug|Any CPU.ActiveCfg = Debug|Any CPU
		{8FF5A578-3267-4492-B76C-1B653F7B6165}.Debug|Any CPU.Build.0 = Debug|Any CPU
		{8FF5A578-3267-4492-B76C-1B653F7B6165}.Release|Any CPU.ActiveCfg = Release|Any CPU
		{8FF5A578-3267-4492-B76C-1B653F7B6165}.Release|Any CPU.Build.0 = Release|Any CPU
	EndGlobalSection
	GlobalSection(SolutionProperties) = preSolution
		HideSolutionNode = FALSE
	EndGlobalSection
	GlobalSection(ExtensibilityGlobals) = postSolution
		SolutionGuid = {66DE7F9E-2913-499A-87E4-0A808707AE38}
	EndGlobalSection
EndGlobal
